
Microsoft Visual Studio Solution File, Format Version 12.00
# Visual Studio 14
VisualStudioVersion = 14.0.25123.0
MinimumVisualStudioVersion = 10.0.40219.1
Project("{FAE04EC0-301F-11D3-BF4B-00C04F79EFBC}") = "BridgeEngine", "BridgeEngine\BridgeEngine.csproj", "{89CBA5EF-441D-49C9-B4AA-E4812A2AB29C}"
EndProject
Project("{FAE04EC0-301F-11D3-BF4B-00C04F79EFBC}") = "BridgeEngineTests", "BridgeEngineTests\BridgeEngineTests.csproj", "{C1EA1600-FBD4-4F3B-A81A-7DBC471403F9}"
EndProject
Global
	GlobalSection(SolutionConfigurationPlatforms) = preSolution
		Debug|Any CPU = Debug|Any CPU
		Release|Any CPU = Release|Any CPU
	EndGlobalSection
	GlobalSection(ProjectConfigurationPlatforms) = postSolution
		{89CBA5EF-441D-49C9-B4AA-E4812A2AB29C}.Debug|Any CPU.ActiveCfg = Debug|Any CPU
		{89CBA5EF-441D-49C9-B4AA-E4812A2AB29C}.Debug|Any CPU.Build.0 = Debug|Any CPU
		{89CBA5EF-441D-49C9-B4AA-E4812A2AB29C}.Release|Any CPU.ActiveCfg = Release|Any CPU
		{89CBA5EF-441D-49C9-B4AA-E4812A2AB29C}.Release|Any CPU.Build.0 = Release|Any CPU
		{C1EA1600-FBD4-4F3B-A81A-7DBC471403F9}.Debug|Any CPU.ActiveCfg = Debug|Any CPU
		{C1EA1600-FBD4-4F3B-A81A-7DBC471403F9}.Debug|Any CPU.Build.0 = Debug|Any CPU
		{C1EA1600-FBD4-4F3B-A81A-7DBC471403F9}.Release|Any CPU.ActiveCfg = Release|Any CPU
		{C1EA1600-FBD4-4F3B-A81A-7DBC471403F9}.Release|Any CPU.Build.0 = Release|Any CPU
	EndGlobalSection
	GlobalSection(SolutionProperties) = preSolution
		HideSolutionNode = FALSE
	EndGlobalSection
EndGlobal
